# THIS IS AN AUTOGENERATED FILE. DO NOT EDIT THIS FILE DIRECTLY.
# yarn lockfile v1


immutable@>=3.7.6, immutable@^3.8.1:
  version "3.8.1"
  resolved "https://registry.yarnpkg.com/immutable/-/immutable-3.8.1.tgz#200807f11ab0f72710ea485542de088075f68cd2"

typed-immutable@^0.1.2:
  version "0.1.2"
  resolved "https://registry.yarnpkg.com/typed-immutable/-/typed-immutable-0.1.2.tgz#6a515119e85dfb8a857d55cbd2d9924edb6dc956"
  dependencies:
    immutable ">=3.7.6"

uuid@^3.0.1:
  version "3.0.1"
  resolved "https://registry.yarnpkg.com/uuid/-/uuid-3.0.1.tgz#6544bba2dfda8c1cf17e629a3a305e2bb1fee6c1"
